
Microsoft Visual Studio Solution File, Format Version 12.00
# Visual Studio Version 17
VisualStudioVersion = 17.9.34714.143
MinimumVisualStudioVersion = 10.0.40219.1
Project("{FAE04EC0-301F-11D3-BF4B-00C04F79EFBC}") = "CapaEntidades", "CapaEntidades\CapaEntidades.csproj", "{1502EAE6-4243-46A3-B485-6FC350707236}"
EndProject
Project("{FAE04EC0-301F-11D3-BF4B-00C04F79EFBC}") = "CapaLogica", "CapaLogica\CapaLogica.csproj", "{E9801E51-4FE7-4153-AD0C-A07166680AE7}"
EndProject
Project("{FAE04EC0-301F-11D3-BF4B-00C04F79EFBC}") = "CapaVista", "CapaVista\CapaVista.csproj", "{39C7D2E6-BB7A-4658-BF0A-1B8A019AC876}"
EndProject
Project("{FAE04EC0-301F-11D3-BF4B-00C04F79EFBC}") = "CapaDatos", "CapaDatos\CapaDatos.csproj", "{DC5475E7-991A-4BF3-9A47-22A0A58B1B89}"
EndProject
Global
	GlobalSection(SolutionConfigurationPlatforms) = preSolution
		Debug|Any CPU = Debug|Any CPU
		Release|Any CPU = Release|Any CPU
	EndGlobalSection
	GlobalSection(ProjectConfigurationPlatforms) = postSolution
		{1502EAE6-4243-46A3-B485-6FC350707236}.Debug|Any CPU.ActiveCfg = Debug|Any CPU
		{1502EAE6-4243-46A3-B485-6FC350707236}.Debug|Any CPU.Build.0 = Debug|Any CPU
		{1502EAE6-4243-46A3-B485-6FC350707236}.Release|Any CPU.ActiveCfg = Release|Any CPU
		{1502EAE6-4243-46A3-B485-6FC350707236}.Release|Any CPU.Build.0 = Release|Any CPU
		{E9801E51-4FE7-4153-AD0C-A07166680AE7}.Debug|Any CPU.ActiveCfg = Debug|Any CPU
		{E9801E51-4FE7-4153-AD0C-A07166680AE7}.Debug|Any CPU.Build.0 = Debug|Any CPU
		{E9801E51-4FE7-4153-AD0C-A07166680AE7}.Release|Any CPU.ActiveCfg = Release|Any CPU
		{E9801E51-4FE7-4153-AD0C-A07166680AE7}.Release|Any CPU.Build.0 = Release|Any CPU
		{39C7D2E6-BB7A-4658-BF0A-1B8A019AC876}.Debug|Any CPU.ActiveCfg = Debug|Any CPU
		{39C7D2E6-BB7A-4658-BF0A-1B8A019AC876}.Debug|Any CPU.Build.0 = Debug|Any CPU
		{39C7D2E6-BB7A-4658-BF0A-1B8A019AC876}.Release|Any CPU.ActiveCfg = Release|Any CPU
		{39C7D2E6-BB7A-4658-BF0A-1B8A019AC876}.Release|Any CPU.Build.0 = Release|Any CPU
		{DC5475E7-991A-4BF3-9A47-22A0A58B1B89}.Debug|Any CPU.ActiveCfg = Debug|Any CPU
		{DC5475E7-991A-4BF3-9A47-22A0A58B1B89}.Debug|Any CPU.Build.0 = Debug|Any CPU
		{DC5475E7-991A-4BF3-9A47-22A0A58B1B89}.Release|Any CPU.ActiveCfg = Release|Any CPU
		{DC5475E7-991A-4BF3-9A47-22A0A58B1B89}.Release|Any CPU.Build.0 = Release|Any CPU
	EndGlobalSection
	GlobalSection(SolutionProperties) = preSolution
		HideSolutionNode = FALSE
	EndGlobalSection
	GlobalSection(ExtensibilityGlobals) = postSolution
		SolutionGuid = {23627F37-5DEE-4947-9EDF-EDDE8C04525C}
	EndGlobalSection
EndGlobal
