
Microsoft Visual Studio Solution File, Format Version 12.00
# Visual Studio Version 17
VisualStudioVersion = 17.9.34622.214
MinimumVisualStudioVersion = 10.0.40219.1
Project("{FAE04EC0-301F-11D3-BF4B-00C04F79EFBC}") = "CapaEntidades", "CapaEntidades\CapaEntidades.csproj", "{D4E86A67-041C-4610-B595-787116A9F21E}"
EndProject
Project("{FAE04EC0-301F-11D3-BF4B-00C04F79EFBC}") = "CapaDatos", "CapaDatos\CapaDatos.csproj", "{20E3FD34-173B-4C19-9842-4F7BCA7965E1}"
EndProject
Project("{FAE04EC0-301F-11D3-BF4B-00C04F79EFBC}") = "CapaVista", "CapaVista\CapaVista.csproj", "{CA87CF78-17C1-486C-8822-E36115864D9B}"
EndProject
Project("{FAE04EC0-301F-11D3-BF4B-00C04F79EFBC}") = "CapaLogica", "CapaLogica\CapaLogica.csproj", "{F780F063-F3A9-47B2-A46B-0841A0A060FE}"
EndProject
Global
	GlobalSection(SolutionConfigurationPlatforms) = preSolution
		Debug|Any CPU = Debug|Any CPU
		Release|Any CPU = Release|Any CPU
	EndGlobalSection
	GlobalSection(ProjectConfigurationPlatforms) = postSolution
		{D4E86A67-041C-4610-B595-787116A9F21E}.Debug|Any CPU.ActiveCfg = Debug|Any CPU
		{D4E86A67-041C-4610-B595-787116A9F21E}.Debug|Any CPU.Build.0 = Debug|Any CPU
		{D4E86A67-041C-4610-B595-787116A9F21E}.Release|Any CPU.ActiveCfg = Release|Any CPU
		{D4E86A67-041C-4610-B595-787116A9F21E}.Release|Any CPU.Build.0 = Release|Any CPU
		{20E3FD34-173B-4C19-9842-4F7BCA7965E1}.Debug|Any CPU.ActiveCfg = Debug|Any CPU
		{20E3FD34-173B-4C19-9842-4F7BCA7965E1}.Debug|Any CPU.Build.0 = Debug|Any CPU
		{20E3FD34-173B-4C19-9842-4F7BCA7965E1}.Release|Any CPU.ActiveCfg = Release|Any CPU
		{20E3FD34-173B-4C19-9842-4F7BCA7965E1}.Release|Any CPU.Build.0 = Release|Any CPU
		{CA87CF78-17C1-486C-8822-E36115864D9B}.Debug|Any CPU.ActiveCfg = Debug|Any CPU
		{CA87CF78-17C1-486C-8822-E36115864D9B}.Debug|Any CPU.Build.0 = Debug|Any CPU
		{CA87CF78-17C1-486C-8822-E36115864D9B}.Release|Any CPU.ActiveCfg = Release|Any CPU
		{CA87CF78-17C1-486C-8822-E36115864D9B}.Release|Any CPU.Build.0 = Release|Any CPU
		{F780F063-F3A9-47B2-A46B-0841A0A060FE}.Debug|Any CPU.ActiveCfg = Debug|Any CPU
		{F780F063-F3A9-47B2-A46B-0841A0A060FE}.Debug|Any CPU.Build.0 = Debug|Any CPU
		{F780F063-F3A9-47B2-A46B-0841A0A060FE}.Release|Any CPU.ActiveCfg = Release|Any CPU
		{F780F063-F3A9-47B2-A46B-0841A0A060FE}.Release|Any CPU.Build.0 = Release|Any CPU
	EndGlobalSection
	GlobalSection(SolutionProperties) = preSolution
		HideSolutionNode = FALSE
	EndGlobalSection
	GlobalSection(ExtensibilityGlobals) = postSolution
		SolutionGuid = {BCA5906C-DEE7-46FB-BF84-F42CDF0A200A}
	EndGlobalSection
EndGlobal
